
Microsoft Visual Studio Solution File, Format Version 12.00
# Visual Studio 15
Project("{FAE04EC0-301F-11D3-BF4B-00C04F79EFBC}") = "Assembly-CSharp", "Assembly-CSharp.csproj", "{5F29E418-3BCE-ADB3-D110-268354DD8703}"
EndProject
Project("{FAE04EC0-301F-11D3-BF4B-00C04F79EFBC}") = "Campfire", "Campfire.csproj", "{568A19D9-8E48-D59D-C425-BF8AC7DD8B27}"
EndProject
Project("{FAE04EC0-301F-11D3-BF4B-00C04F79EFBC}") = "Abiogenesis3d.Shared", "Abiogenesis3d.Shared.csproj", "{11D8D2C4-62C2-BD22-EB25-11EB3DF178F7}"
EndProject
Global
	GlobalSection(SolutionConfigurationPlatforms) = preSolution
		Debug|Any CPU = Debug|Any CPU
		Release|Any CPU = Release|Any CPU
	EndGlobalSection
	GlobalSection(ProjectConfigurationPlatforms) = postSolution
		{5F29E418-3BCE-ADB3-D110-268354DD8703}.Debug|Any CPU.ActiveCfg = Debug|Any CPU
		{5F29E418-3BCE-ADB3-D110-268354DD8703}.Debug|Any CPU.Build.0 = Debug|Any CPU
		{5F29E418-3BCE-ADB3-D110-268354DD8703}.Release|Any CPU.ActiveCfg = Release|Any CPU
		{5F29E418-3BCE-ADB3-D110-268354DD8703}.Release|Any CPU.Build.0 = Release|Any CPU
		{568A19D9-8E48-D59D-C425-BF8AC7DD8B27}.Debug|Any CPU.ActiveCfg = Debug|Any CPU
		{568A19D9-8E48-D59D-C425-BF8AC7DD8B27}.Debug|Any CPU.Build.0 = Debug|Any CPU
		{568A19D9-8E48-D59D-C425-BF8AC7DD8B27}.Release|Any CPU.ActiveCfg = Release|Any CPU
		{568A19D9-8E48-D59D-C425-BF8AC7DD8B27}.Release|Any CPU.Build.0 = Release|Any CPU
		{11D8D2C4-62C2-BD22-EB25-11EB3DF178F7}.Debug|Any CPU.ActiveCfg = Debug|Any CPU
		{11D8D2C4-62C2-BD22-EB25-11EB3DF178F7}.Debug|Any CPU.Build.0 = Debug|Any CPU
		{11D8D2C4-62C2-BD22-EB25-11EB3DF178F7}.Release|Any CPU.ActiveCfg = Release|Any CPU
		{11D8D2C4-62C2-BD22-EB25-11EB3DF178F7}.Release|Any CPU.Build.0 = Release|Any CPU
	EndGlobalSection
	GlobalSection(SolutionProperties) = preSolution
		HideSolutionNode = FALSE
	EndGlobalSection
EndGlobal
